
Microsoft Visual Studio Solution File, Format Version 12.00
# Visual Studio Version 17
VisualStudioVersion = 17.6.33829.357
MinimumVisualStudioVersion = 10.0.40219.1
Project("{FAE04EC0-301F-11D3-BF4B-00C04F79EFBC}") = "PizzaOrder", "PizzaOrder\PizzaOrder.csproj", "{B9F22BF8-C959-4A38-B837-74A19A2F01AB}"
EndProject
Global
	GlobalSection(SolutionConfigurationPlatforms) = preSolution
		Debug|Any CPU = Debug|Any CPU
		Release|Any CPU = Release|Any CPU
	EndGlobalSection
	GlobalSection(ProjectConfigurationPlatforms) = postSolution
		{B9F22BF8-C959-4A38-B837-74A19A2F01AB}.Debug|Any CPU.ActiveCfg = Debug|Any CPU
		{B9F22BF8-C959-4A38-B837-74A19A2F01AB}.Debug|Any CPU.Build.0 = Debug|Any CPU
		{B9F22BF8-C959-4A38-B837-74A19A2F01AB}.Release|Any CPU.ActiveCfg = Release|Any CPU
		{B9F22BF8-C959-4A38-B837-74A19A2F01AB}.Release|Any CPU.Build.0 = Release|Any CPU
	EndGlobalSection
	GlobalSection(SolutionProperties) = preSolution
		HideSolutionNode = FALSE
	EndGlobalSection
	GlobalSection(ExtensibilityGlobals) = postSolution
		SolutionGuid = {05C9E9F0-5138-43F2-9617-3D92BA418288}
	EndGlobalSection
EndGlobal
